// !$*UTF8*$!
{
	archiveVersion = 1;
	classes = {
	};
	objectVersion = 50;
	objects = {

/* Begin PBXBuildFile section */
		C2A873FF21283A36003B0F00 /* AppDelegate.swift in Sources */ = {isa = PBXBuildFile; fileRef = C2A873FE21283A36003B0F00 /* AppDelegate.swift */; };
		C2A8740121283A36003B0F00 /* ViewController.swift in Sources */ = {isa = PBXBuildFile; fileRef = C2A8740021283A36003B0F00 /* ViewController.swift */; };
		C2A8740321283A36003B0F00 /* Assets.xcassets in Resources */ = {isa = PBXBuildFile; fileRef = C2A8740221283A36003B0F00 /* Assets.xcassets */; };
		C2A8740621283A36003B0F00 /* Main.storyboard in Resources */ = {isa = PBXBuildFile; fileRef = C2A8740421283A36003B0F00 /* Main.storyboard */; };
		C2A8741221283A36003B0F00 /* transmitRemoteTests.swift in Sources */ = {isa = PBXBuildFile; fileRef = C2A8741121283A36003B0F00 /* transmitRemoteTests.swift */; };
		C2A8741D21283A37003B0F00 /* transmitRemoteUITests.swift in Sources */ = {isa = PBXBuildFile; fileRef = C2A8741C21283A37003B0F00 /* transmitRemoteUITests.swift */; };
		C2A8742C21284033003B0F00 /* updateTransmissionSessionId.swift in Sources */ = {isa = PBXBuildFile; fileRef = C2A8742B21284033003B0F00 /* updateTransmissionSessionId.swift */; };
		C2A8742E212840DB003B0F00 /* torrentGet.swift in Sources */ = {isa = PBXBuildFile; fileRef = C2A8742D212840DA003B0F00 /* torrentGet.swift */; };
		C2A8743021284122003B0F00 /* torrentAdd.swift in Sources */ = {isa = PBXBuildFile; fileRef = C2A8742F21284122003B0F00 /* torrentAdd.swift */; };
/* End PBXBuildFile section */

/* Begin PBXContainerItemProxy section */
		C2A8740E21283A36003B0F00 /* PBXContainerItemProxy */ = {
			isa = PBXContainerItemProxy;
			containerPortal = C2A873F321283A35003B0F00 /* Project object */;
			proxyType = 1;
			remoteGlobalIDString = C2A873FA21283A36003B0F00;
			remoteInfo = transmitRemote;
		};
		C2A8741921283A37003B0F00 /* PBXContainerItemProxy */ = {
			isa = PBXContainerItemProxy;
			containerPortal = C2A873F321283A35003B0F00 /* Project object */;
			proxyType = 1;
			remoteGlobalIDString = C2A873FA21283A36003B0F00;
			remoteInfo = transmitRemote;
		};
/* End PBXContainerItemProxy section */

/* Begin PBXFileReference section */
		C2A873FB21283A36003B0F00 /* transmitRemote.app */ = {isa = PBXFileReference; explicitFileType = wrapper.application; includeInIndex = 0; path = transmitRemote.app; sourceTree = BUILT_PRODUCTS_DIR; };
		C2A873FE21283A36003B0F00 /* AppDelegate.swift */ = {isa = PBXFileReference; lastKnownFileType = sourcecode.swift; path = AppDelegate.swift; sourceTree = "<group>"; };
		C2A8740021283A36003B0F00 /* ViewController.swift */ = {isa = PBXFileReference; lastKnownFileType = sourcecode.swift; path = ViewController.swift; sourceTree = "<group>"; };
		C2A8740221283A36003B0F00 /* Assets.xcassets */ = {isa = PBXFileReference; lastKnownFileType = folder.assetcatalog; path = Assets.xcassets; sourceTree = "<group>"; };
		C2A8740521283A36003B0F00 /* Base */ = {isa = PBXFileReference; lastKnownFileType = file.storyboard; name = Base; path = Base.lproj/Main.storyboard; sourceTree = "<group>"; };
		C2A8740721283A36003B0F00 /* Info.plist */ = {isa = PBXFileReference; lastKnownFileType = text.plist.xml; path = Info.plist; sourceTree = "<group>"; };
		C2A8740821283A36003B0F00 /* transmitRemote.entitlements */ = {isa = PBXFileReference; lastKnownFileType = text.plist.entitlements; path = transmitRemote.entitlements; sourceTree = "<group>"; };
		C2A8740D21283A36003B0F00 /* transmitRemoteTests.xctest */ = {isa = PBXFileReference; explicitFileType = wrapper.cfbundle; includeInIndex = 0; path = transmitRemoteTests.xctest; sourceTree = BUILT_PRODUCTS_DIR; };
		C2A8741121283A36003B0F00 /* transmitRemoteTests.swift */ = {isa = PBXFileReference; lastKnownFileType = sourcecode.swift; path = transmitRemoteTests.swift; sourceTree = "<group>"; };
		C2A8741321283A36003B0F00 /* Info.plist */ = {isa = PBXFileReference; lastKnownFileType = text.plist.xml; path = Info.plist; sourceTree = "<group>"; };
		C2A8741821283A37003B0F00 /* transmitRemoteUITests.xctest */ = {isa = PBXFileReference; explicitFileType = wrapper.cfbundle; includeInIndex = 0; path = transmitRemoteUITests.xctest; sourceTree = BUILT_PRODUCTS_DIR; };
		C2A8741C21283A37003B0F00 /* transmitRemoteUITests.swift */ = {isa = PBXFileReference; lastKnownFileType = sourcecode.swift; path = transmitRemoteUITests.swift; sourceTree = "<group>"; };
		C2A8741E21283A37003B0F00 /* Info.plist */ = {isa = PBXFileReference; lastKnownFileType = text.plist.xml; path = Info.plist; sourceTree = "<group>"; };
		C2A8742B21284033003B0F00 /* updateTransmissionSessionId.swift */ = {isa = PBXFileReference; lastKnownFileType = sourcecode.swift; path = updateTransmissionSessionId.swift; sourceTree = "<group>"; };
		C2A8742D212840DA003B0F00 /* torrentGet.swift */ = {isa = PBXFileReference; lastKnownFileType = sourcecode.swift; path = torrentGet.swift; sourceTree = "<group>"; };
		C2A8742F21284122003B0F00 /* torrentAdd.swift */ = {isa = PBXFileReference; lastKnownFileType = sourcecode.swift; path = torrentAdd.swift; sourceTree = "<group>"; };
/* End PBXFileReference section */

/* Begin PBXFrameworksBuildPhase section */
		C2A873F821283A36003B0F00 /* Frameworks */ = {
			isa = PBXFrameworksBuildPhase;
			buildActionMask = 2147483647;
			files = (
			);
			runOnlyForDeploymentPostprocessing = 0;
		};
		C2A8740A21283A36003B0F00 /* Frameworks */ = {
			isa = PBXFrameworksBuildPhase;
			buildActionMask = 2147483647;
			files = (
			);
			runOnlyForDeploymentPostprocessing = 0;
		};
		C2A8741521283A37003B0F00 /* Frameworks */ = {
			isa = PBXFrameworksBuildPhase;
			buildActionMask = 2147483647;
			files = (
			);
			runOnlyForDeploymentPostprocessing = 0;
		};
/* End PBXFrameworksBuildPhase section */

/* Begin PBXGroup section */
		C2A873F221283A35003B0F00 = {
			isa = PBXGroup;
			children = (
				C2A873FD21283A36003B0F00 /* transmitRemote */,
				C2A8741021283A36003B0F00 /* transmitRemoteTests */,
				C2A8741B21283A37003B0F00 /* transmitRemoteUITests */,
				C2A873FC21283A36003B0F00 /* Products */,
			);
			sourceTree = "<group>";
		};
		C2A873FC21283A36003B0F00 /* Products */ = {
			isa = PBXGroup;
			children = (
				C2A873FB21283A36003B0F00 /* transmitRemote.app */,
				C2A8740D21283A36003B0F00 /* transmitRemoteTests.xctest */,
				C2A8741821283A37003B0F00 /* transmitRemoteUITests.xctest */,
			);
			name = Products;
			sourceTree = "<group>";
		};
		C2A873FD21283A36003B0F00 /* transmitRemote */ = {
			isa = PBXGroup;
			children = (
				C2A8742A21284014003B0F00 /* Generics */,
				C2A873FE21283A36003B0F00 /* AppDelegate.swift */,
				C2A8740021283A36003B0F00 /* ViewController.swift */,
				C2A8740221283A36003B0F00 /* Assets.xcassets */,
				C2A8740421283A36003B0F00 /* Main.storyboard */,
				C2A8740721283A36003B0F00 /* Info.plist */,
				C2A8740821283A36003B0F00 /* transmitRemote.entitlements */,
			);
			path = transmitRemote;
			sourceTree = "<group>";
		};
		C2A8741021283A36003B0F00 /* transmitRemoteTests */ = {
			isa = PBXGroup;
			children = (
				C2A8741121283A36003B0F00 /* transmitRemoteTests.swift */,
				C2A8741321283A36003B0F00 /* Info.plist */,
			);
			path = transmitRemoteTests;
			sourceTree = "<group>";
		};
		C2A8741B21283A37003B0F00 /* transmitRemoteUITests */ = {
			isa = PBXGroup;
			children = (
				C2A8741C21283A37003B0F00 /* transmitRemoteUITests.swift */,
				C2A8741E21283A37003B0F00 /* Info.plist */,
			);
			path = transmitRemoteUITests;
			sourceTree = "<group>";
		};
		C2A8742A21284014003B0F00 /* Generics */ = {
			isa = PBXGroup;
			children = (
				C2A8742B21284033003B0F00 /* updateTransmissionSessionId.swift */,
				C2A8742D212840DA003B0F00 /* torrentGet.swift */,
				C2A8742F21284122003B0F00 /* torrentAdd.swift */,
			);
			path = Generics;
			sourceTree = "<group>";
		};
/* End PBXGroup section */

/* Begin PBXNativeTarget section */
		C2A873FA21283A36003B0F00 /* transmitRemote */ = {
			isa = PBXNativeTarget;
			buildConfigurationList = C2A8742121283A37003B0F00 /* Build configuration list for PBXNativeTarget "transmitRemote" */;
			buildPhases = (
				C2A873F721283A36003B0F00 /* Sources */,
				C2A873F821283A36003B0F00 /* Frameworks */,
				C2A873F921283A36003B0F00 /* Resources */,
			);
			buildRules = (
			);
			dependencies = (
			);
			name = transmitRemote;
			productName = transmitRemote;
			productReference = C2A873FB21283A36003B0F00 /* transmitRemote.app */;
			productType = "com.apple.product-type.application";
		};
		C2A8740C21283A36003B0F00 /* transmitRemoteTests */ = {
			isa = PBXNativeTarget;
			buildConfigurationList = C2A8742421283A37003B0F00 /* Build configuration list for PBXNativeTarget "transmitRemoteTests" */;
			buildPhases = (
				C2A8740921283A36003B0F00 /* Sources */,
				C2A8740A21283A36003B0F00 /* Frameworks */,
				C2A8740B21283A36003B0F00 /* Resources */,
			);
			buildRules = (
			);
			dependencies = (
				C2A8740F21283A36003B0F00 /* PBXTargetDependency */,
			);
			name = transmitRemoteTests;
			productName = transmitRemoteTests;
			productReference = C2A8740D21283A36003B0F00 /* transmitRemoteTests.xctest */;
			productType = "com.apple.product-type.bundle.unit-test";
		};
		C2A8741721283A37003B0F00 /* transmitRemoteUITests */ = {
			isa = PBXNativeTarget;
			buildConfigurationList = C2A8742721283A37003B0F00 /* Build configuration list for PBXNativeTarget "transmitRemoteUITests" */;
			buildPhases = (
				C2A8741421283A37003B0F00 /* Sources */,
				C2A8741521283A37003B0F00 /* Frameworks */,
				C2A8741621283A37003B0F00 /* Resources */,
			);
			buildRules = (
			);
			dependencies = (
				C2A8741A21283A37003B0F00 /* PBXTargetDependency */,
			);
			name = transmitRemoteUITests;
			productName = transmitRemoteUITests;
			productReference = C2A8741821283A37003B0F00 /* transmitRemoteUITests.xctest */;
			productType = "com.apple.product-type.bundle.ui-testing";
		};
/* End PBXNativeTarget section */

/* Begin PBXProject section */
		C2A873F321283A35003B0F00 /* Project object */ = {
			isa = PBXProject;
			attributes = {
				LastSwiftUpdateCheck = 0940;
				LastUpgradeCheck = 0940;
				ORGANIZATIONNAME = "Derek Oakley";
				TargetAttributes = {
					C2A873FA21283A36003B0F00 = {
						CreatedOnToolsVersion = 9.4.1;
						SystemCapabilities = {
							com.apple.Sandbox = {
								enabled = 1;
							};
						};
					};
					C2A8740C21283A36003B0F00 = {
						CreatedOnToolsVersion = 9.4.1;
						TestTargetID = C2A873FA21283A36003B0F00;
					};
					C2A8741721283A37003B0F00 = {
						CreatedOnToolsVersion = 9.4.1;
						TestTargetID = C2A873FA21283A36003B0F00;
					};
				};
			};
			buildConfigurationList = C2A873F621283A35003B0F00 /* Build configuration list for PBXProject "transmitRemote" */;
			compatibilityVersion = "Xcode 9.3";
			developmentRegion = en;
			hasScannedForEncodings = 0;
			knownRegions = (
				en,
				Base,
			);
			mainGroup = C2A873F221283A35003B0F00;
			productRefGroup = C2A873FC21283A36003B0F00 /* Products */;
			projectDirPath = "";
			projectRoot = "";
			targets = (
				C2A873FA21283A36003B0F00 /* transmitRemote */,
				C2A8740C21283A36003B0F00 /* transmitRemoteTests */,
				C2A8741721283A37003B0F00 /* transmitRemoteUITests */,
			);
		};
/* End PBXProject section */

/* Begin PBXResourcesBuildPhase section */
		C2A873F921283A36003B0F00 /* Resources */ = {
			isa = PBXResourcesBuildPhase;
			buildActionMask = 2147483647;
			files = (
				C2A8740321283A36003B0F00 /* Assets.xcassets in Resources */,
				C2A8740621283A36003B0F00 /* Main.storyboard in Resources */,
			);
			runOnlyForDeploymentPostprocessing = 0;
		};
		C2A8740B21283A36003B0F00 /* Resources */ = {
			isa = PBXResourcesBuildPhase;
			buildActionMask = 2147483647;
			files = (
			);
			runOnlyForDeploymentPostprocessing = 0;
		};
		C2A8741621283A37003B0F00 /* Resources */ = {
			isa = PBXResourcesBuildPhase;
			buildActionMask = 2147483647;
			files = (
			);
			runOnlyForDeploymentPostprocessing = 0;
		};
/* End PBXResourcesBuildPhase section */

/* Begin PBXSourcesBuildPhase section */
		C2A873F721283A36003B0F00 /* Sources */ = {
			isa = PBXSourcesBuildPhase;
			buildActionMask = 2147483647;
			files = (
				C2A8740121283A36003B0F00 /* ViewController.swift in Sources */,
				C2A8742E212840DB003B0F00 /* torrentGet.swift in Sources */,
				C2A8742C21284033003B0F00 /* updateTransmissionSessionId.swift in Sources */,
				C2A873FF21283A36003B0F00 /* AppDelegate.swift in Sources */,
				C2A8743021284122003B0F00 /* torrentAdd.swift in Sources */,
			);
			runOnlyForDeploymentPostprocessing = 0;
		};
		C2A8740921283A36003B0F00 /* Sources */ = {
			isa = PBXSourcesBuildPhase;
			buildActionMask = 2147483647;
			files = (
				C2A8741221283A36003B0F00 /* transmitRemoteTests.swift in Sources */,
			);
			runOnlyForDeploymentPostprocessing = 0;
		};
		C2A8741421283A37003B0F00 /* Sources */ = {
			isa = PBXSourcesBuildPhase;
			buildActionMask = 2147483647;
			files = (
				C2A8741D21283A37003B0F00 /* transmitRemoteUITests.swift in Sources */,
			);
			runOnlyForDeploymentPostprocessing = 0;
		};
/* End PBXSourcesBuildPhase section */

/* Begin PBXTargetDependency section */
		C2A8740F21283A36003B0F00 /* PBXTargetDependency */ = {
			isa = PBXTargetDependency;
			target = C2A873FA21283A36003B0F00 /* transmitRemote */;
			targetProxy = C2A8740E21283A36003B0F00 /* PBXContainerItemProxy */;
		};
		C2A8741A21283A37003B0F00 /* PBXTargetDependency */ = {
			isa = PBXTargetDependency;
			target = C2A873FA21283A36003B0F00 /* transmitRemote */;
			targetProxy = C2A8741921283A37003B0F00 /* PBXContainerItemProxy */;
		};
/* End PBXTargetDependency section */

/* Begin PBXVariantGroup section */
		C2A8740421283A36003B0F00 /* Main.storyboard */ = {
			isa = PBXVariantGroup;
			children = (
				C2A8740521283A36003B0F00 /* Base */,
			);
			name = Main.storyboard;
			sourceTree = "<group>";
		};
/* End PBXVariantGroup section */

/* Begin XCBuildConfiguration section */
		C2A8741F21283A37003B0F00 /* Debug */ = {
			isa = XCBuildConfiguration;
			buildSettings = {
				ALWAYS_SEARCH_USER_PATHS = NO;
				CLANG_ANALYZER_NONNULL = YES;
				CLANG_ANALYZER_NUMBER_OBJECT_CONVERSION = YES_AGGRESSIVE;
				CLANG_CXX_LANGUAGE_STANDARD = "gnu++14";
				CLANG_CXX_LIBRARY = "libc++";
				CLANG_ENABLE_MODULES = YES;
				CLANG_ENABLE_OBJC_ARC = YES;
				CLANG_ENABLE_OBJC_WEAK = YES;
				CLANG_WARN_BLOCK_CAPTURE_AUTORELEASING = YES;
				CLANG_WARN_BOOL_CONVERSION = YES;
				CLANG_WARN_COMMA = YES;
				CLANG_WARN_CONSTANT_CONVERSION = YES;
				CLANG_WARN_DEPRECATED_OBJC_IMPLEMENTATIONS = YES;
				CLANG_WARN_DIRECT_OBJC_ISA_USAGE = YES_ERROR;
				CLANG_WARN_DOCUMENTATION_COMMENTS = YES;
				CLANG_WARN_EMPTY_BODY = YES;
				CLANG_WARN_ENUM_CONVERSION = YES;
				CLANG_WARN_INFINITE_RECURSION = YES;
				CLANG_WARN_INT_CONVERSION = YES;
				CLANG_WARN_NON_LITERAL_NULL_CONVERSION = YES;
				CLANG_WARN_OBJC_IMPLICIT_RETAIN_SELF = YES;
				CLANG_WARN_OBJC_LITERAL_CONVERSION = YES;
				CLANG_WARN_OBJC_ROOT_CLASS = YES_ERROR;
				CLANG_WARN_RANGE_LOOP_ANALYSIS = YES;
				CLANG_WARN_STRICT_PROTOTYPES = YES;
				CLANG_WARN_SUSPICIOUS_MOVE = YES;
				CLANG_WARN_UNGUARDED_AVAILABILITY = YES_AGGRESSIVE;
				CLANG_WARN_UNREACHABLE_CODE = YES;
				CLANG_WARN__DUPLICATE_METHOD_MATCH = YES;
				CODE_SIGN_IDENTITY = "-";
				COPY_PHASE_STRIP = NO;
				DEBUG_INFORMATION_FORMAT = dwarf;
				ENABLE_STRICT_OBJC_MSGSEND = YES;
				ENABLE_TESTABILITY = YES;
				GCC_C_LANGUAGE_STANDARD = gnu11;
				GCC_DYNAMIC_NO_PIC = NO;
				GCC_NO_COMMON_BLOCKS = YES;
				GCC_OPTIMIZATION_LEVEL = 0;
				GCC_PREPROCESSOR_DEFINITIONS = (
					"DEBUG=1",
					"$(inherited)",
				);
				GCC_WARN_64_TO_32_BIT_CONVERSION = YES;
				GCC_WARN_ABOUT_RETURN_TYPE = YES_ERROR;
				GCC_WARN_UNDECLARED_SELECTOR = YES;
				GCC_WARN_UNINITIALIZED_AUTOS = YES_AGGRESSIVE;
				GCC_WARN_UNUSED_FUNCTION = YES;
				GCC_WARN_UNUSED_VARIABLE = YES;
				MACOSX_DEPLOYMENT_TARGET = 10.13;
				MTL_ENABLE_DEBUG_INFO = YES;
				ONLY_ACTIVE_ARCH = YES;
				SDKROOT = macosx;
				SWIFT_ACTIVE_COMPILATION_CONDITIONS = DEBUG;
				SWIFT_OPTIMIZATION_LEVEL = "-Onone";
			};
			name = Debug;
		};
		C2A8742021283A37003B0F00 /* Release */ = {
			isa = XCBuildConfiguration;
			buildSettings = {
				ALWAYS_SEARCH_USER_PATHS = NO;
				CLANG_ANALYZER_NONNULL = YES;
				CLANG_ANALYZER_NUMBER_OBJECT_CONVERSION = YES_AGGRESSIVE;
				CLANG_CXX_LANGUAGE_STANDARD = "gnu++14";
				CLANG_CXX_LIBRARY = "libc++";
				CLANG_ENABLE_MODULES = YES;
				CLANG_ENABLE_OBJC_ARC = YES;
				CLANG_ENABLE_OBJC_WEAK = YES;
				CLANG_WARN_BLOCK_CAPTURE_AUTORELEASING = YES;
				CLANG_WARN_BOOL_CONVERSION = YES;
				CLANG_WARN_COMMA = YES;
				CLANG_WARN_CONSTANT_CONVERSION = YES;
				CLANG_WARN_DEPRECATED_OBJC_IMPLEMENTATIONS = YES;
				CLANG_WARN_DIRECT_OBJC_ISA_USAGE = YES_ERROR;
				CLANG_WARN_DOCUMENTATION_COMMENTS = YES;
				CLANG_WARN_EMPTY_BODY = YES;
				CLANG_WARN_ENUM_CONVERSION = YES;
				CLANG_WARN_INFINITE_RECURSION = YES;
				CLANG_WARN_INT_CONVERSION = YES;
				CLANG_WARN_NON_LITERAL_NULL_CONVERSION = YES;
				CLANG_WARN_OBJC_IMPLICIT_RETAIN_SELF = YES;
				CLANG_WARN_OBJC_LITERAL_CONVERSION = YES;
				CLANG_WARN_OBJC_ROOT_CLASS = YES_ERROR;
				CLANG_WARN_RANGE_LOOP_ANALYSIS = YES;
				CLANG_WARN_STRICT_PROTOTYPES = YES;
				CLANG_WARN_SUSPICIOUS_MOVE = YES;
				CLANG_WARN_UNGUARDED_AVAILABILITY = YES_AGGRESSIVE;
				CLANG_WARN_UNREACHABLE_CODE = YES;
				CLANG_WARN__DUPLICATE_METHOD_MATCH = YES;
				CODE_SIGN_IDENTITY = "-";
				COPY_PHASE_STRIP = NO;
				DEBUG_INFORMATION_FORMAT = "dwarf-with-dsym";
				ENABLE_NS_ASSERTIONS = NO;
				ENABLE_STRICT_OBJC_MSGSEND = YES;
				GCC_C_LANGUAGE_STANDARD = gnu11;
				GCC_NO_COMMON_BLOCKS = YES;
				GCC_WARN_64_TO_32_BIT_CONVERSION = YES;
				GCC_WARN_ABOUT_RETURN_TYPE = YES_ERROR;
				GCC_WARN_UNDECLARED_SELECTOR = YES;
				GCC_WARN_UNINITIALIZED_AUTOS = YES_AGGRESSIVE;
				GCC_WARN_UNUSED_FUNCTION = YES;
				GCC_WARN_UNUSED_VARIABLE = YES;
				MACOSX_DEPLOYMENT_TARGET = 10.13;
				MTL_ENABLE_DEBUG_INFO = NO;
				SDKROOT = macosx;
				SWIFT_COMPILATION_MODE = wholemodule;
				SWIFT_OPTIMIZATION_LEVEL = "-O";
			};
			name = Release;
		};
		C2A8742221283A37003B0F00 /* Debug */ = {
			isa = XCBuildConfiguration;
			buildSettings = {
				ASSETCATALOG_COMPILER_APPICON_NAME = AppIcon;
				CODE_SIGN_ENTITLEMENTS = transmitRemote/transmitRemote.entitlements;
				CODE_SIGN_STYLE = Automatic;
				COMBINE_HIDPI_IMAGES = YES;
				INFOPLIST_FILE = transmitRemote/Info.plist;
				LD_RUNPATH_SEARCH_PATHS = (
					"$(inherited)",
					"@executable_path/../Frameworks",
				);
				PRODUCT_BUNDLE_IDENTIFIER = com.derekoakley.transmitRemote;
				PRODUCT_NAME = "$(TARGET_NAME)";
				SWIFT_VERSION = 4.0;
			};
			name = Debug;
		};
		C2A8742321283A37003B0F00 /* Release */ = {
			isa = XCBuildConfiguration;
			buildSettings = {
				ASSETCATALOG_COMPILER_APPICON_NAME = AppIcon;
				CODE_SIGN_ENTITLEMENTS = transmitRemote/transmitRemote.entitlements;
				CODE_SIGN_STYLE = Automatic;
				COMBINE_HIDPI_IMAGES = YES;
				INFOPLIST_FILE = transmitRemote/Info.plist;
				LD_RUNPATH_SEARCH_PATHS = (
					"$(inherited)",
					"@executable_path/../Frameworks",
				);
				PRODUCT_BUNDLE_IDENTIFIER = com.derekoakley.transmitRemote;
				PRODUCT_NAME = "$(TARGET_NAME)";
				SWIFT_VERSION = 4.0;
			};
			name = Release;
		};
		C2A8742521283A37003B0F00 /* Debug */ = {
			isa = XCBuildConfiguration;
			buildSettings = {
				ALWAYS_EMBED_SWIFT_STANDARD_LIBRARIES = YES;
				BUNDLE_LOADER = "$(TEST_HOST)";
				CODE_SIGN_STYLE = Automatic;
				COMBINE_HIDPI_IMAGES = YES;
				INFOPLIST_FILE = transmitRemoteTests/Info.plist;
				LD_RUNPATH_SEARCH_PATHS = (
					"$(inherited)",
					"@executable_path/../Frameworks",
					"@loader_path/../Frameworks",
				);
				PRODUCT_BUNDLE_IDENTIFIER = com.derekoakley.transmitRemoteTests;
				PRODUCT_NAME = "$(TARGET_NAME)";
				SWIFT_VERSION = 4.0;
				TEST_HOST = "$(BUILT_PRODUCTS_DIR)/transmitRemote.app/Contents/MacOS/transmitRemote";
			};
			name = Debug;
		};
		C2A8742621283A37003B0F00 /* Release */ = {
			isa = XCBuildConfiguration;
			buildSettings = {
				ALWAYS_EMBED_SWIFT_STANDARD_LIBRARIES = YES;
				BUNDLE_LOADER = "$(TEST_HOST)";
				CODE_SIGN_STYLE = Automatic;
				COMBINE_HIDPI_IMAGES = YES;
				INFOPLIST_FILE = transmitRemoteTests/Info.plist;
				LD_RUNPATH_SEARCH_PATHS = (
					"$(inherited)",
					"@executable_path/../Frameworks",
					"@loader_path/../Frameworks",
				);
				PRODUCT_BUNDLE_IDENTIFIER = com.derekoakley.transmitRemoteTests;
				PRODUCT_NAME = "$(TARGET_NAME)";
				SWIFT_VERSION = 4.0;
				TEST_HOST = "$(BUILT_PRODUCTS_DIR)/transmitRemote.app/Contents/MacOS/transmitRemote";
			};
			name = Release;
		};
		C2A8742821283A37003B0F00 /* Debug */ = {
			isa = XCBuildConfiguration;
			buildSettings = {
				ALWAYS_EMBED_SWIFT_STANDARD_LIBRARIES = YES;
				CODE_SIGN_STYLE = Automatic;
				COMBINE_HIDPI_IMAGES = YES;
				INFOPLIST_FILE = transmitRemoteUITests/Info.plist;
				LD_RUNPATH_SEARCH_PATHS = (
					"$(inherited)",
					"@executable_path/../Frameworks",
					"@loader_path/../Frameworks",
				);
				PRODUCT_BUNDLE_IDENTIFIER = com.derekoakley.transmitRemoteUITests;
				PRODUCT_NAME = "$(TARGET_NAME)";
				SWIFT_VERSION = 4.0;
				TEST_TARGET_NAME = transmitRemote;
			};
			name = Debug;
		};
		C2A8742921283A37003B0F00 /* Release */ = {
			isa = XCBuildConfiguration;
			buildSettings = {
				ALWAYS_EMBED_SWIFT_STANDARD_LIBRARIES = YES;
				CODE_SIGN_STYLE = Automatic;
				COMBINE_HIDPI_IMAGES = YES;
				INFOPLIST_FILE = transmitRemoteUITests/Info.plist;
				LD_RUNPATH_SEARCH_PATHS = (
					"$(inherited)",
					"@executable_path/../Frameworks",
					"@loader_path/../Frameworks",
				);
				PRODUCT_BUNDLE_IDENTIFIER = com.derekoakley.transmitRemoteUITests;
				PRODUCT_NAME = "$(TARGET_NAME)";
				SWIFT_VERSION = 4.0;
				TEST_TARGET_NAME = transmitRemote;
			};
			name = Release;
		};
/* End XCBuildConfiguration section */

/* Begin XCConfigurationList section */
		C2A873F621283A35003B0F00 /* Build configuration list for PBXProject "transmitRemote" */ = {
			isa = XCConfigurationList;
			buildConfigurations = (
				C2A8741F21283A37003B0F00 /* Debug */,
				C2A8742021283A37003B0F00 /* Release */,
			);
			defaultConfigurationIsVisible = 0;
			defaultConfigurationName = Release;
		};
		C2A8742121283A37003B0F00 /* Build configuration list for PBXNativeTarget "transmitRemote" */ = {
			isa = XCConfigurationList;
			buildConfigurations = (
				C2A8742221283A37003B0F00 /* Debug */,
				C2A8742321283A37003B0F00 /* Release */,
			);
			defaultConfigurationIsVisible = 0;
			defaultConfigurationName = Release;
		};
		C2A8742421283A37003B0F00 /* Build configuration list for PBXNativeTarget "transmitRemoteTests" */ = {
			isa = XCConfigurationList;
			buildConfigurations = (
				C2A8742521283A37003B0F00 /* Debug */,
				C2A8742621283A37003B0F00 /* Release */,
			);
			defaultConfigurationIsVisible = 0;
			defaultConfigurationName = Release;
		};
		C2A8742721283A37003B0F00 /* Build configuration list for PBXNativeTarget "transmitRemoteUITests" */ = {
			isa = XCConfigurationList;
			buildConfigurations = (
				C2A8742821283A37003B0F00 /* Debug */,
				C2A8742921283A37003B0F00 /* Release */,
			);
			defaultConfigurationIsVisible = 0;
			defaultConfigurationName = Release;
		};
/* End XCConfigurationList section */
	};
	rootObject = C2A873F321283A35003B0F00 /* Project object */;
}
